
Microsoft Visual Studio Solution File, Format Version 12.00
# Visual Studio 15
VisualStudioVersion = 15.0.27703.2035
MinimumVisualStudioVersion = 10.0.40219.1
Project("{FAE04EC0-301F-11D3-BF4B-00C04F79EFBC}") = "AppWordCount", "WebApplication8\AppWordCount.csproj", "{77F7E45E-12B9-418D-9ED5-6872DE810AC9}"
EndProject
Project("{FAE04EC0-301F-11D3-BF4B-00C04F79EFBC}") = "WebApplication8.Tests", "WebApplication8.Tests\WebApplication8.Tests.csproj", "{CBEA6F0C-86DB-40B6-AB33-0BB5E7CF1292}"
EndProject
Global
	GlobalSection(SolutionConfigurationPlatforms) = preSolution
		Debug|Any CPU = Debug|Any CPU
		Release|Any CPU = Release|Any CPU
	EndGlobalSection
	GlobalSection(ProjectConfigurationPlatforms) = postSolution
		{77F7E45E-12B9-418D-9ED5-6872DE810AC9}.Debug|Any CPU.ActiveCfg = Debug|Any CPU
		{77F7E45E-12B9-418D-9ED5-6872DE810AC9}.Debug|Any CPU.Build.0 = Debug|Any CPU
		{77F7E45E-12B9-418D-9ED5-6872DE810AC9}.Release|Any CPU.ActiveCfg = Release|Any CPU
		{77F7E45E-12B9-418D-9ED5-6872DE810AC9}.Release|Any CPU.Build.0 = Release|Any CPU
		{CBEA6F0C-86DB-40B6-AB33-0BB5E7CF1292}.Debug|Any CPU.ActiveCfg = Debug|Any CPU
		{CBEA6F0C-86DB-40B6-AB33-0BB5E7CF1292}.Debug|Any CPU.Build.0 = Debug|Any CPU
		{CBEA6F0C-86DB-40B6-AB33-0BB5E7CF1292}.Release|Any CPU.ActiveCfg = Release|Any CPU
		{CBEA6F0C-86DB-40B6-AB33-0BB5E7CF1292}.Release|Any CPU.Build.0 = Release|Any CPU
	EndGlobalSection
	GlobalSection(SolutionProperties) = preSolution
		HideSolutionNode = FALSE
	EndGlobalSection
	GlobalSection(ExtensibilityGlobals) = postSolution
		SolutionGuid = {6ADD3E09-17DC-4413-AF96-EC92EFF2B9EE}
	EndGlobalSection
EndGlobal
